
Microsoft Visual Studio Solution File, Format Version 12.00
# Visual Studio Version 17
VisualStudioVersion = 17.4.33213.308
MinimumVisualStudioVersion = 10.0.40219.1
Project("{9A19103F-16F7-4668-BE54-9A1E7A4F7556}") = "NursingManagementSystem", "NursingManagementSystem.csproj", "{4AE69A04-8BD9-47DC-8276-E2C71E417902}"
EndProject
Project("{9A19103F-16F7-4668-BE54-9A1E7A4F7556}") = "common", "..\..\common\common.csproj", "{0A586971-35C3-48B8-9F93-CB54D930135C}"
EndProject
Project("{9A19103F-16F7-4668-BE54-9A1E7A4F7556}") = "nursinghomeapi", "..\..\apis\nursinghomeapi\nursinghomeapi.csproj", "{87DB3DD7-AB03-4692-A017-F8C95118B0FD}"
EndProject
Global
	GlobalSection(SolutionConfigurationPlatforms) = preSolution
		Debug|Any CPU = Debug|Any CPU
		Release|Any CPU = Release|Any CPU
	EndGlobalSection
	GlobalSection(ProjectConfigurationPlatforms) = postSolution
		{4AE69A04-8BD9-47DC-8276-E2C71E417902}.Debug|Any CPU.ActiveCfg = Debug|Any CPU
		{4AE69A04-8BD9-47DC-8276-E2C71E417902}.Debug|Any CPU.Build.0 = Debug|Any CPU
		{4AE69A04-8BD9-47DC-8276-E2C71E417902}.Release|Any CPU.ActiveCfg = Release|Any CPU
		{4AE69A04-8BD9-47DC-8276-E2C71E417902}.Release|Any CPU.Build.0 = Release|Any CPU
		{0A586971-35C3-48B8-9F93-CB54D930135C}.Debug|Any CPU.ActiveCfg = Debug|Any CPU
		{0A586971-35C3-48B8-9F93-CB54D930135C}.Debug|Any CPU.Build.0 = Debug|Any CPU
		{0A586971-35C3-48B8-9F93-CB54D930135C}.Release|Any CPU.ActiveCfg = Release|Any CPU
		{0A586971-35C3-48B8-9F93-CB54D930135C}.Release|Any CPU.Build.0 = Release|Any CPU
		{87DB3DD7-AB03-4692-A017-F8C95118B0FD}.Debug|Any CPU.ActiveCfg = Debug|Any CPU
		{87DB3DD7-AB03-4692-A017-F8C95118B0FD}.Debug|Any CPU.Build.0 = Debug|Any CPU
		{87DB3DD7-AB03-4692-A017-F8C95118B0FD}.Release|Any CPU.ActiveCfg = Release|Any CPU
		{87DB3DD7-AB03-4692-A017-F8C95118B0FD}.Release|Any CPU.Build.0 = Release|Any CPU
	EndGlobalSection
	GlobalSection(SolutionProperties) = preSolution
		HideSolutionNode = FALSE
	EndGlobalSection
	GlobalSection(ExtensibilityGlobals) = postSolution
		SolutionGuid = {37E0278D-60AA-4B39-B14C-13E95D3346FE}
	EndGlobalSection
EndGlobal
